
Microsoft Visual Studio Solution File, Format Version 12.00
# Visual Studio 15
VisualStudioVersion = 15.0.26304.0
MinimumVisualStudioVersion = 10.0.40219.1
Project("{2150E333-8FDC-42A3-9474-1A3956D46DE8}") = "src", "src", "{382072F7-0554-45BA-91FC-274126A3BB65}"
EndProject
Project("{2150E333-8FDC-42A3-9474-1A3956D46DE8}") = "tests", "tests", "{31979019-CD33-49AE-8F1F-1F89021C78D7}"
EndProject
Project("{9A19103F-16F7-4668-BE54-9A1E7A4F7556}") = "Rabbit.Zookeeper", "src\Rabbit.Zookeeper\Rabbit.Zookeeper.csproj", "{48F4923D-B6A8-4C12-8A7B-706CCA73D465}"
EndProject
Project("{9A19103F-16F7-4668-BE54-9A1E7A4F7556}") = "Rabbit.Zookeeper.Tests", "tests\Rabbit.Zookeeper.Tests\Rabbit.Zookeeper.Tests.csproj", "{621F5DAC-2FAF-4D1F-AD7E-69585BB9E86E}"
EndProject
Project("{FAE04EC0-301F-11D3-BF4B-00C04F79EFBC}") = "Rabbit.Zookeeper_NET4", "src\Rabbit.Zookeeper_NET4\Rabbit.Zookeeper_NET4.csproj", "{27CD3CC5-E3CE-4B96-AC9F-4080D6FF87FD}"
EndProject
Global
	GlobalSection(SolutionConfigurationPlatforms) = preSolution
		Debug|Any CPU = Debug|Any CPU
		Release|Any CPU = Release|Any CPU
	EndGlobalSection
	GlobalSection(ProjectConfigurationPlatforms) = postSolution
		{48F4923D-B6A8-4C12-8A7B-706CCA73D465}.Debug|Any CPU.ActiveCfg = Debug|Any CPU
		{48F4923D-B6A8-4C12-8A7B-706CCA73D465}.Debug|Any CPU.Build.0 = Debug|Any CPU
		{48F4923D-B6A8-4C12-8A7B-706CCA73D465}.Release|Any CPU.ActiveCfg = Release|Any CPU
		{48F4923D-B6A8-4C12-8A7B-706CCA73D465}.Release|Any CPU.Build.0 = Release|Any CPU
		{621F5DAC-2FAF-4D1F-AD7E-69585BB9E86E}.Debug|Any CPU.ActiveCfg = Debug|Any CPU
		{621F5DAC-2FAF-4D1F-AD7E-69585BB9E86E}.Debug|Any CPU.Build.0 = Debug|Any CPU
		{621F5DAC-2FAF-4D1F-AD7E-69585BB9E86E}.Release|Any CPU.ActiveCfg = Release|Any CPU
		{621F5DAC-2FAF-4D1F-AD7E-69585BB9E86E}.Release|Any CPU.Build.0 = Release|Any CPU
		{27CD3CC5-E3CE-4B96-AC9F-4080D6FF87FD}.Debug|Any CPU.ActiveCfg = Debug|Any CPU
		{27CD3CC5-E3CE-4B96-AC9F-4080D6FF87FD}.Debug|Any CPU.Build.0 = Debug|Any CPU
		{27CD3CC5-E3CE-4B96-AC9F-4080D6FF87FD}.Release|Any CPU.ActiveCfg = Release|Any CPU
		{27CD3CC5-E3CE-4B96-AC9F-4080D6FF87FD}.Release|Any CPU.Build.0 = Release|Any CPU
	EndGlobalSection
	GlobalSection(SolutionProperties) = preSolution
		HideSolutionNode = FALSE
	EndGlobalSection
	GlobalSection(NestedProjects) = preSolution
		{48F4923D-B6A8-4C12-8A7B-706CCA73D465} = {382072F7-0554-45BA-91FC-274126A3BB65}
		{621F5DAC-2FAF-4D1F-AD7E-69585BB9E86E} = {31979019-CD33-49AE-8F1F-1F89021C78D7}
		{27CD3CC5-E3CE-4B96-AC9F-4080D6FF87FD} = {382072F7-0554-45BA-91FC-274126A3BB65}
	EndGlobalSection
EndGlobal
